<?xml version="1.0" encoding="UTF-8" standalone="yes" ?>
<CodeBlocks_project_file>
	<FileVersion major="1" minor="6" />
	<Project>
		<Option title="TuteurAlgebre_App" />
		<Option pch_mode="2" />
		<Option compiler="gcc" />
		<Build>
			<Target title="Debug">
				<Option output="bin/Debug/Projet" prefix_auto="1" extension_auto="1" />
				<Option object_output="obj/Debug/" />
				<Option type="1" />
				<Option compiler="gcc" />
				<Compiler>
					<Add option="-g" />
					<Add directory="include" />
				</Compiler>
			</Target>
			<Target title="Release">
				<Option output="bin/Release/Projet" prefix_auto="1" extension_auto="1" />
				<Option object_output="obj/Release/" />
				<Option type="1" />
				<Option compiler="gcc" />
				<Compiler>
					<Add option="-O2" />
					<Add directory="include" />
				</Compiler>
				<Linker>
					<Add option="-s" />
				</Linker>
			</Target>
		</Build>
		<Compiler>
			<Add option="-Wall" />
			<Add option="-fexceptions" />
		</Compiler>
		<Unit filename="all/Makefile" />
		<Unit filename="all/include/affectation.h" />
		<Unit filename="all/include/binaire.h" />
		<Unit filename="all/include/bloc.h" />
		<Unit filename="all/include/boucle.h" />
		<Unit filename="all/include/conditionnel.h" />
		<Unit filename="all/include/constante.h" />
		<Unit filename="all/include/expression.h" />
		<Unit filename="all/include/format.h" />
		<Unit filename="all/include/ifThenElse.h" />
		<Unit filename="all/include/network.h" />
		<Unit filename="all/include/unaire.h" />
		<Unit filename="all/include/variable.h" />
		<Unit filename="all/main.cpp" />
		<Unit filename="all/src/affectation.cpp" />
		<Unit filename="all/src/binaire.cpp" />
		<Unit filename="all/src/bloc.cpp" />
		<Unit filename="all/src/boucle.cpp" />
		<Unit filename="all/src/client.cpp" />
		<Unit filename="all/src/conditionnel.cpp" />
		<Unit filename="all/src/constante.cpp" />
		<Unit filename="all/src/expression.cpp" />
		<Unit filename="all/src/format.cpp" />
		<Unit filename="all/src/ifThenElse.cpp" />
		<Unit filename="all/src/network.cpp" />
		<Unit filename="all/src/server.cpp" />
		<Unit filename="all/src/server_multithreads.cpp" />
		<Unit filename="all/src/tool.cpp" />
		<Unit filename="all/src/unaire.cpp" />
		<Unit filename="all/src/variable.cpp" />
		<Unit filename="client-server/Makefile">
			<Option target="Release" />
		</Unit>
		<Unit filename="client-server/client.cpp" />
		<Unit filename="client-server/format.cpp" />
		<Unit filename="client-server/format.h" />
		<Unit filename="client-server/network.cpp" />
		<Unit filename="client-server/network.h" />
		<Unit filename="client-server/server.cpp">
			<Option target="Release" />
		</Unit>
		<Unit filename="client-server/server_multithreads.cpp">
			<Option target="Release" />
		</Unit>
		<Unit filename="client-server/test_server_client.sh">
			<Option target="Release" />
		</Unit>
		<Unit filename="include/affectation.h">
			<Option target="Release" />
		</Unit>
		<Unit filename="include/binaire.h">
			<Option target="Release" />
		</Unit>
		<Unit filename="include/bloc.h">
			<Option target="Release" />
		</Unit>
		<Unit filename="include/boucle.h">
			<Option target="Release" />
		</Unit>
		<Unit filename="include/conditionnel.h">
			<Option target="Release" />
		</Unit>
		<Unit filename="include/constante.h">
			<Option target="Release" />
		</Unit>
		<Unit filename="include/expression.h">
			<Option target="Release" />
		</Unit>
		<Unit filename="include/ifThenElse.h">
			<Option target="Release" />
		</Unit>
		<Unit filename="include/unaire.h">
			<Option target="Release" />
		</Unit>
		<Unit filename="include/variable.h">
			<Option target="Release" />
		</Unit>
		<Unit filename="main.cpp">
			<Option target="Release" />
		</Unit>
		<Unit filename="src/affectation.cpp">
			<Option target="Release" />
		</Unit>
		<Unit filename="src/binaire.cpp">
			<Option target="Release" />
		</Unit>
		<Unit filename="src/bloc.cpp">
			<Option target="Release" />
		</Unit>
		<Unit filename="src/boucle.cpp">
			<Option target="Release" />
		</Unit>
		<Unit filename="src/conditionnel.cpp">
			<Option target="Release" />
		</Unit>
		<Unit filename="src/constante.cpp">
			<Option target="Release" />
		</Unit>
		<Unit filename="src/expression.cpp">
			<Option target="Release" />
		</Unit>
		<Unit filename="src/ifThenElse.cpp">
			<Option target="Release" />
		</Unit>
		<Unit filename="src/unaire.cpp">
			<Option target="Release" />
		</Unit>
		<Unit filename="src/variable.cpp">
			<Option target="Release" />
		</Unit>
		<Extensions>
			<code_completion />
			<envvars />
			<debugger />
			<lib_finder disable_auto="1" />
		</Extensions>
	</Project>
</CodeBlocks_project_file>
